
Microsoft Visual Studio Solution File, Format Version 12.00
# Visual Studio 15
VisualStudioVersion = 15.0.27428.2027
MinimumVisualStudioVersion = 10.0.40219.1
Project("{FAE04EC0-301F-11D3-BF4B-00C04F79EFBC}") = "Presentacion", "Presentacion\Presentacion.csproj", "{50564559-DFFE-4B24-9F4F-A5A49557BC32}"
EndProject
Project("{FAE04EC0-301F-11D3-BF4B-00C04F79EFBC}") = "Negocio", "Negocio\Negocio.csproj", "{2AD2633B-932E-461C-B992-2E99F3D61F5A}"
EndProject
Project("{FAE04EC0-301F-11D3-BF4B-00C04F79EFBC}") = "Datos", "Datos\Datos.csproj", "{1CB0BEFF-CD78-47CC-A354-37C5D5C19B6F}"
EndProject
Global
	GlobalSection(SolutionConfigurationPlatforms) = preSolution
		Debug|Any CPU = Debug|Any CPU
		Release|Any CPU = Release|Any CPU
	EndGlobalSection
	GlobalSection(ProjectConfigurationPlatforms) = postSolution
		{50564559-DFFE-4B24-9F4F-A5A49557BC32}.Debug|Any CPU.ActiveCfg = Debug|Any CPU
		{50564559-DFFE-4B24-9F4F-A5A49557BC32}.Debug|Any CPU.Build.0 = Debug|Any CPU
		{50564559-DFFE-4B24-9F4F-A5A49557BC32}.Release|Any CPU.ActiveCfg = Release|Any CPU
		{50564559-DFFE-4B24-9F4F-A5A49557BC32}.Release|Any CPU.Build.0 = Release|Any CPU
		{2AD2633B-932E-461C-B992-2E99F3D61F5A}.Debug|Any CPU.ActiveCfg = Debug|Any CPU
		{2AD2633B-932E-461C-B992-2E99F3D61F5A}.Debug|Any CPU.Build.0 = Debug|Any CPU
		{2AD2633B-932E-461C-B992-2E99F3D61F5A}.Release|Any CPU.ActiveCfg = Release|Any CPU
		{2AD2633B-932E-461C-B992-2E99F3D61F5A}.Release|Any CPU.Build.0 = Release|Any CPU
		{1CB0BEFF-CD78-47CC-A354-37C5D5C19B6F}.Debug|Any CPU.ActiveCfg = Debug|Any CPU
		{1CB0BEFF-CD78-47CC-A354-37C5D5C19B6F}.Debug|Any CPU.Build.0 = Debug|Any CPU
		{1CB0BEFF-CD78-47CC-A354-37C5D5C19B6F}.Release|Any CPU.ActiveCfg = Release|Any CPU
		{1CB0BEFF-CD78-47CC-A354-37C5D5C19B6F}.Release|Any CPU.Build.0 = Release|Any CPU
	EndGlobalSection
	GlobalSection(SolutionProperties) = preSolution
		HideSolutionNode = FALSE
	EndGlobalSection
	GlobalSection(ExtensibilityGlobals) = postSolution
		SolutionGuid = {685B6DB6-E65D-490B-B333-F45539829DCB}
	EndGlobalSection
EndGlobal
