
Microsoft Visual Studio Solution File, Format Version 12.00
# Visual Studio Version 16
VisualStudioVersion = 16.0.30002.166
MinimumVisualStudioVersion = 10.0.40219.1
Project("{FAE04EC0-301F-11D3-BF4B-00C04F79EFBC}") = "WebApiModulo7", "WebApiModulo7\WebApiModulo7.csproj", "{B48E161A-711F-41BD-AA7F-F983C1485A5D}"
EndProject
Global
	GlobalSection(SolutionConfigurationPlatforms) = preSolution
		Debug|Any CPU = Debug|Any CPU
		Release|Any CPU = Release|Any CPU
	EndGlobalSection
	GlobalSection(ProjectConfigurationPlatforms) = postSolution
		{B48E161A-711F-41BD-AA7F-F983C1485A5D}.Debug|Any CPU.ActiveCfg = Debug|Any CPU
		{B48E161A-711F-41BD-AA7F-F983C1485A5D}.Debug|Any CPU.Build.0 = Debug|Any CPU
		{B48E161A-711F-41BD-AA7F-F983C1485A5D}.Release|Any CPU.ActiveCfg = Release|Any CPU
		{B48E161A-711F-41BD-AA7F-F983C1485A5D}.Release|Any CPU.Build.0 = Release|Any CPU
	EndGlobalSection
	GlobalSection(SolutionProperties) = preSolution
		HideSolutionNode = FALSE
	EndGlobalSection
	GlobalSection(ExtensibilityGlobals) = postSolution
		SolutionGuid = {1D74C750-8F70-44E0-B82B-861E0C4E7407}
	EndGlobalSection
EndGlobal
