
Microsoft Visual Studio Solution File, Format Version 12.00
# Visual Studio Version 16
VisualStudioVersion = 16.0.29806.167
MinimumVisualStudioVersion = 10.0.40219.1
Project("{FAE04EC0-301F-11D3-BF4B-00C04F79EFBC}") = "AppCliente", "AppCliente\AppCliente.csproj", "{5DE5369E-3EFA-4325-8403-A9CD2599CCED}"
EndProject
Project("{FAE04EC0-301F-11D3-BF4B-00C04F79EFBC}") = "DataAccess", "DataAccess\DataAccess.csproj", "{DC6301D0-A59E-4639-B361-3C2AACBC6402}"
EndProject
Project("{FAE04EC0-301F-11D3-BF4B-00C04F79EFBC}") = "Entity_Layer", "Entity_Layer\Entity_Layer.csproj", "{3FBA29FD-052B-401D-8F0D-427B7929CFC4}"
EndProject
Project("{FAE04EC0-301F-11D3-BF4B-00C04F79EFBC}") = "Business_Layer", "Business_Layer\Business_Layer.csproj", "{4AE669CE-56E4-484F-A5BB-B87284A1EFD7}"
EndProject
Global
	GlobalSection(SolutionConfigurationPlatforms) = preSolution
		Debug|Any CPU = Debug|Any CPU
		Release|Any CPU = Release|Any CPU
	EndGlobalSection
	GlobalSection(ProjectConfigurationPlatforms) = postSolution
		{5DE5369E-3EFA-4325-8403-A9CD2599CCED}.Debug|Any CPU.ActiveCfg = Debug|Any CPU
		{5DE5369E-3EFA-4325-8403-A9CD2599CCED}.Debug|Any CPU.Build.0 = Debug|Any CPU
		{5DE5369E-3EFA-4325-8403-A9CD2599CCED}.Release|Any CPU.ActiveCfg = Release|Any CPU
		{5DE5369E-3EFA-4325-8403-A9CD2599CCED}.Release|Any CPU.Build.0 = Release|Any CPU
		{DC6301D0-A59E-4639-B361-3C2AACBC6402}.Debug|Any CPU.ActiveCfg = Debug|Any CPU
		{DC6301D0-A59E-4639-B361-3C2AACBC6402}.Debug|Any CPU.Build.0 = Debug|Any CPU
		{DC6301D0-A59E-4639-B361-3C2AACBC6402}.Release|Any CPU.ActiveCfg = Release|Any CPU
		{DC6301D0-A59E-4639-B361-3C2AACBC6402}.Release|Any CPU.Build.0 = Release|Any CPU
		{3FBA29FD-052B-401D-8F0D-427B7929CFC4}.Debug|Any CPU.ActiveCfg = Debug|Any CPU
		{3FBA29FD-052B-401D-8F0D-427B7929CFC4}.Debug|Any CPU.Build.0 = Debug|Any CPU
		{3FBA29FD-052B-401D-8F0D-427B7929CFC4}.Release|Any CPU.ActiveCfg = Release|Any CPU
		{3FBA29FD-052B-401D-8F0D-427B7929CFC4}.Release|Any CPU.Build.0 = Release|Any CPU
		{4AE669CE-56E4-484F-A5BB-B87284A1EFD7}.Debug|Any CPU.ActiveCfg = Debug|Any CPU
		{4AE669CE-56E4-484F-A5BB-B87284A1EFD7}.Debug|Any CPU.Build.0 = Debug|Any CPU
		{4AE669CE-56E4-484F-A5BB-B87284A1EFD7}.Release|Any CPU.ActiveCfg = Release|Any CPU
		{4AE669CE-56E4-484F-A5BB-B87284A1EFD7}.Release|Any CPU.Build.0 = Release|Any CPU
	EndGlobalSection
	GlobalSection(SolutionProperties) = preSolution
		HideSolutionNode = FALSE
	EndGlobalSection
	GlobalSection(ExtensibilityGlobals) = postSolution
		SolutionGuid = {869D8134-02D1-4BCA-8ECA-75354FC9A9CC}
	EndGlobalSection
EndGlobal
