
Microsoft Visual Studio Solution File, Format Version 12.00
# Visual Studio Version 16
VisualStudioVersion = 16.0.30907.101
MinimumVisualStudioVersion = 10.0.40219.1
Project("{FAE04EC0-301F-11D3-BF4B-00C04F79EFBC}") = "ApiSoap", "ApiSoap\ApiSoap.csproj", "{A5191FD8-8525-4A82-BD3A-BA09AFFA69CB}"
EndProject
Global
	GlobalSection(SolutionConfigurationPlatforms) = preSolution
		Debug|Any CPU = Debug|Any CPU
		Release|Any CPU = Release|Any CPU
	EndGlobalSection
	GlobalSection(ProjectConfigurationPlatforms) = postSolution
		{A5191FD8-8525-4A82-BD3A-BA09AFFA69CB}.Debug|Any CPU.ActiveCfg = Debug|Any CPU
		{A5191FD8-8525-4A82-BD3A-BA09AFFA69CB}.Debug|Any CPU.Build.0 = Debug|Any CPU
		{A5191FD8-8525-4A82-BD3A-BA09AFFA69CB}.Release|Any CPU.ActiveCfg = Release|Any CPU
		{A5191FD8-8525-4A82-BD3A-BA09AFFA69CB}.Release|Any CPU.Build.0 = Release|Any CPU
	EndGlobalSection
	GlobalSection(SolutionProperties) = preSolution
		HideSolutionNode = FALSE
	EndGlobalSection
	GlobalSection(ExtensibilityGlobals) = postSolution
		SolutionGuid = {B07F4FC1-6272-4E0C-912E-D8C4A6EC32B2}
	EndGlobalSection
EndGlobal
