
Microsoft Visual Studio Solution File, Format Version 12.00
# Visual Studio Version 16
VisualStudioVersion = 16.0.30002.166
MinimumVisualStudioVersion = 10.0.40219.1
Project("{FAE04EC0-301F-11D3-BF4B-00C04F79EFBC}") = "WebApiModulo6Configuraciones", "WebApiModulo6Configuraciones\WebApiModulo6Configuraciones.csproj", "{77BF77F6-3F09-42D3-8457-6D2EE5655F77}"
EndProject
Global
	GlobalSection(SolutionConfigurationPlatforms) = preSolution
		Debug|Any CPU = Debug|Any CPU
		Release|Any CPU = Release|Any CPU
	EndGlobalSection
	GlobalSection(ProjectConfigurationPlatforms) = postSolution
		{77BF77F6-3F09-42D3-8457-6D2EE5655F77}.Debug|Any CPU.ActiveCfg = Debug|Any CPU
		{77BF77F6-3F09-42D3-8457-6D2EE5655F77}.Debug|Any CPU.Build.0 = Debug|Any CPU
		{77BF77F6-3F09-42D3-8457-6D2EE5655F77}.Release|Any CPU.ActiveCfg = Release|Any CPU
		{77BF77F6-3F09-42D3-8457-6D2EE5655F77}.Release|Any CPU.Build.0 = Release|Any CPU
	EndGlobalSection
	GlobalSection(SolutionProperties) = preSolution
		HideSolutionNode = FALSE
	EndGlobalSection
	GlobalSection(ExtensibilityGlobals) = postSolution
		SolutionGuid = {D4B6E29D-80B8-4389-9151-77E53A6D74F4}
	EndGlobalSection
EndGlobal
